
Microsoft Visual Studio Solution File, Format Version 12.00
# Visual Studio Version 17
VisualStudioVersion = 17.12.35707.178
MinimumVisualStudioVersion = 10.0.40219.1
Project("{9A19103F-16F7-4668-BE54-9A1E7A4F7556}") = "Client_Gameplay", "Client_Gameplay.csproj", "{16E8523B-21E3-4143-9A73-237DC2B47D1C}"
EndProject
Project("{9A19103F-16F7-4668-BE54-9A1E7A4F7556}") = "Client_Logic", "Client_Logic.csproj", "{8AE79E45-7B8F-45EE-A9AE-5B01287EA3D9}"
EndProject
Project("{9A19103F-16F7-4668-BE54-9A1E7A4F7556}") = "Client_UI", "Client_UI.csproj", "{619C7183-D4C2-411F-9F33-3024D89C1589}"
EndProject
Project("{9A19103F-16F7-4668-BE54-9A1E7A4F7556}") = "LEngine", "LEngine.csproj", "{6CB138DA-EAE0-452D-B824-98C9F510F9A0}"
EndProject
Project("{9A19103F-16F7-4668-BE54-9A1E7A4F7556}") = "Bootstrap", "Bootstrap.csproj", "{AB41E367-09ED-4C37-99A3-258E3AD304C6}"
EndProject
Global
	GlobalSection(SolutionConfigurationPlatforms) = preSolution
		Debug|Any CPU = Debug|Any CPU
		Release|Any CPU = Release|Any CPU
	EndGlobalSection
	GlobalSection(ProjectConfigurationPlatforms) = postSolution
		{16E8523B-21E3-4143-9A73-237DC2B47D1C}.Debug|Any CPU.ActiveCfg = Debug|Any CPU
		{16E8523B-21E3-4143-9A73-237DC2B47D1C}.Debug|Any CPU.Build.0 = Debug|Any CPU
		{16E8523B-21E3-4143-9A73-237DC2B47D1C}.Release|Any CPU.ActiveCfg = Release|Any CPU
		{16E8523B-21E3-4143-9A73-237DC2B47D1C}.Release|Any CPU.Build.0 = Release|Any CPU
		{8AE79E45-7B8F-45EE-A9AE-5B01287EA3D9}.Debug|Any CPU.ActiveCfg = Debug|Any CPU
		{8AE79E45-7B8F-45EE-A9AE-5B01287EA3D9}.Debug|Any CPU.Build.0 = Debug|Any CPU
		{8AE79E45-7B8F-45EE-A9AE-5B01287EA3D9}.Release|Any CPU.ActiveCfg = Release|Any CPU
		{8AE79E45-7B8F-45EE-A9AE-5B01287EA3D9}.Release|Any CPU.Build.0 = Release|Any CPU
		{619C7183-D4C2-411F-9F33-3024D89C1589}.Debug|Any CPU.ActiveCfg = Debug|Any CPU
		{619C7183-D4C2-411F-9F33-3024D89C1589}.Debug|Any CPU.Build.0 = Debug|Any CPU
		{619C7183-D4C2-411F-9F33-3024D89C1589}.Release|Any CPU.ActiveCfg = Release|Any CPU
		{619C7183-D4C2-411F-9F33-3024D89C1589}.Release|Any CPU.Build.0 = Release|Any CPU
		{6CB138DA-EAE0-452D-B824-98C9F510F9A0}.Debug|Any CPU.ActiveCfg = Debug|Any CPU
		{6CB138DA-EAE0-452D-B824-98C9F510F9A0}.Debug|Any CPU.Build.0 = Debug|Any CPU
		{6CB138DA-EAE0-452D-B824-98C9F510F9A0}.Release|Any CPU.ActiveCfg = Release|Any CPU
		{6CB138DA-EAE0-452D-B824-98C9F510F9A0}.Release|Any CPU.Build.0 = Release|Any CPU
		{AB41E367-09ED-4C37-99A3-258E3AD304C6}.Debug|Any CPU.ActiveCfg = Debug|Any CPU
		{AB41E367-09ED-4C37-99A3-258E3AD304C6}.Debug|Any CPU.Build.0 = Debug|Any CPU
		{AB41E367-09ED-4C37-99A3-258E3AD304C6}.Release|Any CPU.ActiveCfg = Release|Any CPU
		{AB41E367-09ED-4C37-99A3-258E3AD304C6}.Release|Any CPU.Build.0 = Release|Any CPU
	EndGlobalSection
	GlobalSection(SolutionProperties) = preSolution
		HideSolutionNode = FALSE
	EndGlobalSection
	GlobalSection(ExtensibilityGlobals) = postSolution
		SolutionGuid = {FCA7F8C6-BD81-49C0-9C05-70D3151F7EB5}
	EndGlobalSection
EndGlobal
