
Microsoft Visual Studio Solution File, Format Version 12.00
# Visual Studio Version 17
VisualStudioVersion = 17.12.35707.178
MinimumVisualStudioVersion = 10.0.40219.1
Project("{9A19103F-16F7-4668-BE54-9A1E7A4F7556}") = "Client_Logic", "Client_Logic.csproj", "{8100B80B-1ECB-4F26-BC7F-4A992B81CBF4}"
EndProject
Global
	GlobalSection(SolutionConfigurationPlatforms) = preSolution
		Debug|Any CPU = Debug|Any CPU
		Release|Any CPU = Release|Any CPU
	EndGlobalSection
	GlobalSection(ProjectConfigurationPlatforms) = postSolution
		{8100B80B-1ECB-4F26-BC7F-4A992B81CBF4}.Debug|Any CPU.ActiveCfg = Debug|Any CPU
		{8100B80B-1ECB-4F26-BC7F-4A992B81CBF4}.Debug|Any CPU.Build.0 = Debug|Any CPU
		{8100B80B-1ECB-4F26-BC7F-4A992B81CBF4}.Release|Any CPU.ActiveCfg = Release|Any CPU
		{8100B80B-1ECB-4F26-BC7F-4A992B81CBF4}.Release|Any CPU.Build.0 = Release|Any CPU
	EndGlobalSection
	GlobalSection(SolutionProperties) = preSolution
		HideSolutionNode = FALSE
	EndGlobalSection
EndGlobal
